{
  "nodes": {
    "flake-utils": {
      "inputs": {
        "systems": "systems"
      },
      "locked": {
        "lastModified": 1731533236,
        "narHash": "sha256-l0KFg5HjrsfsO/JpG+r7fRrqm12kzFHyUHqHCVpMMbI=",
        "owner": "numtide",
        "repo": "flake-utils",
        "rev": "11707dc2f618dd54ca8739b309ec4fc024de578b",
        "type": "github"
      },
      "original": {
        "owner": "numtide",
        "repo": "flake-utils",
        "type": "github"
      }
    },
    "helix-fork": {
      "inputs": {
        "nixpkgs": [
          "nixpkgs"
        ],
        "rust-overlay": "rust-overlay"
      },
      "locked": {
        "lastModified": 1786634099,
        "narHash": "sha256-HjhVRiluJp4noaw0brZMhp8OlVyGmkD9Yis0knHGxWc=",
        "owner": "marcv81",
        "repo": "helix",
        "rev": "53fbd9a4f909909aae851b8f10e5120e01b1418e",
        "type": "github"
      },
      "original": {
        "owner": "marcv81",
        "ref": "hardware-block-cursor-v2",
        "repo": "helix",
        "type": "github"
      }
    },
    "home-manager": {
      "inputs": {
        "nixpkgs": [
          "nixpkgs"
        ]
      },
      "locked": {
        "lastModified": 1789386765,
        "narHash": "sha256-4hyLFBhzQC7+qPMELWc7J/sbdA6ckXZxXU9CYRsGhsc=",
        "owner": "nix-community",
        "repo": "home-manager",
        "rev": "87c391f49a34660de6010f35bb50fb1bf811be9f",
        "type": "github"
      },
      "original": {
        "owner": "nix-community",
        "repo": "home-manager",
        "type": "github"
      }
    },
    "nixgl": {
      "inputs": {
        "flake-utils": "flake-utils",
        "nixpkgs": [
          "nixpkgs"
        ]
      },
      "locked": {
        "lastModified": 1762090880,
        "narHash": "sha256-fbRQzIGPkjZa83MowjbD2ALaJf9y6KMDdJBQMKFeY/8=",
        "owner": "nix-community",
        "repo": "nixGL",
        "rev": "b6105297e6f0cd041670c3e8628394d4ee247ed5",
        "type": "github"
      },
      "original": {
        "owner": "nix-community",
        "repo": "nixGL",
        "type": "github"
      }
    },
    "nixpkgs": {
      "locked": {
        "lastModified": 1789264731,
        "narHash": "sha256-llGJbC0CcU8DfROr6mZjRJgMLQd/SKwfpzxJH/2lHO4=",
        "owner": "NixOS",
        "repo": "nixpkgs",
        "rev": "02f5696b0e6097e589076d886b317b83ff0437d7",
        "type": "github"
      },
      "original": {
        "owner": "NixOS",
        "ref": "nixpkgs-unstable",
        "repo": "nixpkgs",
        "type": "github"
      }
    },
    "root": {
      "inputs": {
        "helix-fork": "helix-fork",
        "home-manager": "home-manager",
        "nixgl": "nixgl",
        "nixpkgs": "nixpkgs"
      }
    },
    "rust-overlay": {
      "inputs": {
        "nixpkgs": [
          "helix-fork",
          "nixpkgs"
        ]
      },
      "locked": {
        "lastModified": 1775358767,
        "narHash": "sha256-f2eC+WIfhjevCPQILuV08i/kmKZzYZpUvkom/33VxCA=",
        "owner": "oxalica",
        "repo": "rust-overlay",
        "rev": "20fd44bc663daa53a2575e01293e24e681d62244",
        "type": "github"
      },
      "original": {
        "owner": "oxalica",
        "repo": "rust-overlay",
        "type": "github"
      }
    },
    "systems": {
      "locked": {
        "lastModified": 1681028828,
        "narHash": "sha256-Vy1rq5AaRuLzOxct8nz4T6wlgyUR7zLU309k9mBC768=",
        "owner": "nix-systems",
        "repo": "default",
        "rev": "da67096a3b9bf56a91d16901293e51ba5b49a27e",
        "type": "github"
      },
      "original": {
        "owner": "nix-systems",
        "repo": "default",
        "type": "github"
      }
    }
  },
  "root": "root",
  "version": 7
}
